
Microsoft Visual Studio Solution File, Format Version 11.00
# Visual Studio 2010
Project("{FAE04EC0-301F-11D3-BF4B-00C04F79EFBC}") = "SteelPickaxeBlock", "SteelPickaxeBlock\SteelPickaxeBlock.csproj", "{D30B7E49-92BB-453C-B10B-FCA92BECFA67}"
EndProject
Global
	GlobalSection(SolutionConfigurationPlatforms) = preSolution
		Debug|Any CPU = Debug|Any CPU
		Release|Any CPU = Release|Any CPU
	EndGlobalSection
	GlobalSection(ProjectConfigurationPlatforms) = postSolution
		{D30B7E49-92BB-453C-B10B-FCA92BECFA67}.Debug|Any CPU.ActiveCfg = Debug|Any CPU
		{D30B7E49-92BB-453C-B10B-FCA92BECFA67}.Debug|Any CPU.Build.0 = Debug|Any CPU
		{D30B7E49-92BB-453C-B10B-FCA92BECFA67}.Release|Any CPU.ActiveCfg = Release|Any CPU
		{D30B7E49-92BB-453C-B10B-FCA92BECFA67}.Release|Any CPU.Build.0 = Release|Any CPU
	EndGlobalSection
	GlobalSection(SolutionProperties) = preSolution
		HideSolutionNode = FALSE
	EndGlobalSection
EndGlobal
